// !$*UTF8*$!
{
	archiveVersion = 1;
	classes = {
	};
	objectVersion = 46;
	objects = {

/* Begin PBXBuildFile section */
		1C6EBD721EB5445800225750 /* AppDelegate.swift in Sources */ = {isa = PBXBuildFile; fileRef = 1C6EBD711EB5445800225750 /* AppDelegate.swift */; };
		1C6EBD741EB5445800225750 /* ViewController.swift in Sources */ = {isa = PBXBuildFile; fileRef = 1C6EBD731EB5445800225750 /* ViewController.swift */; };
		1C6EBD771EB5445800225750 /* ToDoList_Mac.xcdatamodeld in Sources */ = {isa = PBXBuildFile; fileRef = 1C6EBD751EB5445800225750 /* ToDoList_Mac.xcdatamodeld */; };
		1C6EBD791EB5445800225750 /* Assets.xcassets in Resources */ = {isa = PBXBuildFile; fileRef = 1C6EBD781EB5445800225750 /* Assets.xcassets */; };
		1C6EBD7C1EB5445800225750 /* Main.storyboard in Resources */ = {isa = PBXBuildFile; fileRef = 1C6EBD7A1EB5445800225750 /* Main.storyboard */; };
/* End PBXBuildFile section */

/* Begin PBXFileReference section */
		1C6EBD6E1EB5445800225750 /* ToDoList_Mac.app */ = {isa = PBXFileReference; explicitFileType = wrapper.application; includeInIndex = 0; path = ToDoList_Mac.app; sourceTree = BUILT_PRODUCTS_DIR; };
		1C6EBD711EB5445800225750 /* AppDelegate.swift */ = {isa = PBXFileReference; lastKnownFileType = sourcecode.swift; path = AppDelegate.swift; sourceTree = "<group>"; };
		1C6EBD731EB5445800225750 /* ViewController.swift */ = {isa = PBXFileReference; lastKnownFileType = sourcecode.swift; path = ViewController.swift; sourceTree = "<group>"; };
		1C6EBD761EB5445800225750 /* ToDoList_Mac.xcdatamodel */ = {isa = PBXFileReference; lastKnownFileType = wrapper.xcdatamodel; path = ToDoList_Mac.xcdatamodel; sourceTree = "<group>"; };
		1C6EBD781EB5445800225750 /* Assets.xcassets */ = {isa = PBXFileReference; lastKnownFileType = folder.assetcatalog; path = Assets.xcassets; sourceTree = "<group>"; };
		1C6EBD7B1EB5445800225750 /* Base */ = {isa = PBXFileReference; lastKnownFileType = file.storyboard; name = Base; path = Base.lproj/Main.storyboard; sourceTree = "<group>"; };
		1C6EBD7D1EB5445800225750 /* Info.plist */ = {isa = PBXFileReference; lastKnownFileType = text.plist.xml; path = Info.plist; sourceTree = "<group>"; };
/* End PBXFileReference section */

/* Begin PBXFrameworksBuildPhase section */
		1C6EBD6B1EB5445800225750 /* Frameworks */ = {
			isa = PBXFrameworksBuildPhase;
			buildActionMask = 2147483647;
			files = (
			);
			runOnlyForDeploymentPostprocessing = 0;
		};
/* End PBXFrameworksBuildPhase section */

/* Begin PBXGroup section */
		1C6EBD651EB5445800225750 = {
			isa = PBXGroup;
			children = (
				1C6EBD701EB5445800225750 /* ToDoList_Mac */,
				1C6EBD6F1EB5445800225750 /* Products */,
			);
			sourceTree = "<group>";
		};
		1C6EBD6F1EB5445800225750 /* Products */ = {
			isa = PBXGroup;
			children = (
				1C6EBD6E1EB5445800225750 /* ToDoList_Mac.app */,
			);
			name = Products;
			sourceTree = "<group>";
		};
		1C6EBD701EB5445800225750 /* ToDoList_Mac */ = {
			isa = PBXGroup;
			children = (
				1C6EBD711EB5445800225750 /* AppDelegate.swift */,
				1C6EBD731EB5445800225750 /* ViewController.swift */,
				1C6EBD781EB5445800225750 /* Assets.xcassets */,
				1C6EBD7A1EB5445800225750 /* Main.storyboard */,
				1C6EBD7D1EB5445800225750 /* Info.plist */,
				1C6EBD751EB5445800225750 /* ToDoList_Mac.xcdatamodeld */,
			);
			path = ToDoList_Mac;
			sourceTree = "<group>";
		};
/* End PBXGroup section */

/* Begin PBXNativeTarget section */
		1C6EBD6D1EB5445800225750 /* ToDoList_Mac */ = {
			isa = PBXNativeTarget;
			buildConfigurationList = 1C6EBD801EB5445800225750 /* Build configuration list for PBXNativeTarget "ToDoList_Mac" */;
			buildPhases = (
				1C6EBD6A1EB5445800225750 /* Sources */,
				1C6EBD6B1EB5445800225750 /* Frameworks */,
				1C6EBD6C1EB5445800225750 /* Resources */,
			);
			buildRules = (
			);
			dependencies = (
			);
			name = ToDoList_Mac;
			productName = ToDoList_Mac;
			productReference = 1C6EBD6E1EB5445800225750 /* ToDoList_Mac.app */;
			productType = "com.apple.product-type.application";
		};
/* End PBXNativeTarget section */

/* Begin PBXProject section */
		1C6EBD661EB5445800225750 /* Project object */ = {
			isa = PBXProject;
			attributes = {
				LastSwiftUpdateCheck = 0830;
				LastUpgradeCheck = 0830;
				ORGANIZATIONNAME = B0nty;
				TargetAttributes = {
					1C6EBD6D1EB5445800225750 = {
						CreatedOnToolsVersion = 8.3;
						DevelopmentTeam = BB9NBC38G8;
						ProvisioningStyle = Automatic;
					};
				};
			};
			buildConfigurationList = 1C6EBD691EB5445800225750 /* Build configuration list for PBXProject "ToDoList_Mac" */;
			compatibilityVersion = "Xcode 3.2";
			developmentRegion = English;
			hasScannedForEncodings = 0;
			knownRegions = (
				en,
				Base,
			);
			mainGroup = 1C6EBD651EB5445800225750;
			productRefGroup = 1C6EBD6F1EB5445800225750 /* Products */;
			projectDirPath = "";
			projectRoot = "";
			targets = (
				1C6EBD6D1EB5445800225750 /* ToDoList_Mac */,
			);
		};
/* End PBXProject section */

/* Begin PBXResourcesBuildPhase section */
		1C6EBD6C1EB5445800225750 /* Resources */ = {
			isa = PBXResourcesBuildPhase;
			buildActionMask = 2147483647;
			files = (
				1C6EBD791EB5445800225750 /* Assets.xcassets in Resources */,
				1C6EBD7C1EB5445800225750 /* Main.storyboard in Resources */,
			);
			runOnlyForDeploymentPostprocessing = 0;
		};
/* End PBXResourcesBuildPhase section */

/* Begin PBXSourcesBuildPhase section */
		1C6EBD6A1EB5445800225750 /* Sources */ = {
			isa = PBXSourcesBuildPhase;
			buildActionMask = 2147483647;
			files = (
				1C6EBD771EB5445800225750 /* ToDoList_Mac.xcdatamodeld in Sources */,
				1C6EBD741EB5445800225750 /* ViewController.swift in Sources */,
				1C6EBD721EB5445800225750 /* AppDelegate.swift in Sources */,
			);
			runOnlyForDeploymentPostprocessing = 0;
		};
/* End PBXSourcesBuildPhase section */

/* Begin PBXVariantGroup section */
		1C6EBD7A1EB5445800225750 /* Main.storyboard */ = {
			isa = PBXVariantGroup;
			children = (
				1C6EBD7B1EB5445800225750 /* Base */,
			);
			name = Main.storyboard;
			sourceTree = "<group>";
		};
/* End PBXVariantGroup section */

/* Begin XCBuildConfiguration section */
		1C6EBD7E1EB5445800225750 /* Debug */ = {
			isa = XCBuildConfiguration;
			buildSettings = {
				ALWAYS_SEARCH_USER_PATHS = NO;
				CLANG_ANALYZER_NONNULL = YES;
				CLANG_ANALYZER_NUMBER_OBJECT_CONVERSION = YES_AGGRESSIVE;
				CLANG_CXX_LANGUAGE_STANDARD = "gnu++0x";
				CLANG_CXX_LIBRARY = "libc++";
				CLANG_ENABLE_MODULES = YES;
				CLANG_ENABLE_OBJC_ARC = YES;
				CLANG_WARN_BOOL_CONVERSION = YES;
				CLANG_WARN_CONSTANT_CONVERSION = YES;
				CLANG_WARN_DIRECT_OBJC_ISA_USAGE = YES_ERROR;
				CLANG_WARN_DOCUMENTATION_COMMENTS = YES;
				CLANG_WARN_EMPTY_BODY = YES;
				CLANG_WARN_ENUM_CONVERSION = YES;
				CLANG_WARN_INFINITE_RECURSION = YES;
				CLANG_WARN_INT_CONVERSION = YES;
				CLANG_WARN_OBJC_ROOT_CLASS = YES_ERROR;
				CLANG_WARN_SUSPICIOUS_MOVE = YES;
				CLANG_WARN_UNREACHABLE_CODE = YES;
				CLANG_WARN__DUPLICATE_METHOD_MATCH = YES;
				CODE_SIGN_IDENTITY = "-";
				COPY_PHASE_STRIP = NO;
				DEBUG_INFORMATION_FORMAT = dwarf;
				ENABLE_STRICT_OBJC_MSGSEND = YES;
				ENABLE_TESTABILITY = YES;
				GCC_C_LANGUAGE_STANDARD = gnu99;
				GCC_DYNAMIC_NO_PIC = NO;
				GCC_NO_COMMON_BLOCKS = YES;
				GCC_OPTIMIZATION_LEVEL = 0;
				GCC_PREPROCESSOR_DEFINITIONS = (
					"DEBUG=1",
					"$(inherited)",
				);
				GCC_WARN_64_TO_32_BIT_CONVERSION = YES;
				GCC_WARN_ABOUT_RETURN_TYPE = YES_ERROR;
				GCC_WARN_UNDECLARED_SELECTOR = YES;
				GCC_WARN_UNINITIALIZED_AUTOS = YES_AGGRESSIVE;
				GCC_WARN_UNUSED_FUNCTION = YES;
				GCC_WARN_UNUSED_VARIABLE = YES;
				MACOSX_DEPLOYMENT_TARGET = 10.12;
				MTL_ENABLE_DEBUG_INFO = YES;
				ONLY_ACTIVE_ARCH = YES;
				SDKROOT = macosx;
				SWIFT_ACTIVE_COMPILATION_CONDITIONS = DEBUG;
				SWIFT_OPTIMIZATION_LEVEL = "-Onone";
			};
			name = Debug;
		};
		1C6EBD7F1EB5445800225750 /* Release */ = {
			isa = XCBuildConfiguration;
			buildSettings = {
				ALWAYS_SEARCH_USER_PATHS = NO;
				CLANG_ANALYZER_NONNULL = YES;
				CLANG_ANALYZER_NUMBER_OBJECT_CONVERSION = YES_AGGRESSIVE;
				CLANG_CXX_LANGUAGE_STANDARD = "gnu++0x";
				CLANG_CXX_LIBRARY = "libc++";
				CLANG_ENABLE_MODULES = YES;
				CLANG_ENABLE_OBJC_ARC = YES;
				CLANG_WARN_BOOL_CONVERSION = YES;
				CLANG_WARN_CONSTANT_CONVERSION = YES;
				CLANG_WARN_DIRECT_OBJC_ISA_USAGE = YES_ERROR;
				CLANG_WARN_DOCUMENTATION_COMMENTS = YES;
				CLANG_WARN_EMPTY_BODY = YES;
				CLANG_WARN_ENUM_CONVERSION = YES;
				CLANG_WARN_INFINITE_RECURSION = YES;
				CLANG_WARN_INT_CONVERSION = YES;
				CLANG_WARN_OBJC_ROOT_CLASS = YES_ERROR;
				CLANG_WARN_SUSPICIOUS_MOVE = YES;
				CLANG_WARN_UNREACHABLE_CODE = YES;
				CLANG_WARN__DUPLICATE_METHOD_MATCH = YES;
				CODE_SIGN_IDENTITY = "-";
				COPY_PHASE_STRIP = NO;
				DEBUG_INFORMATION_FORMAT = "dwarf-with-dsym";
				ENABLE_NS_ASSERTIONS = NO;
				ENABLE_STRICT_OBJC_MSGSEND = YES;
				GCC_C_LANGUAGE_STANDARD = gnu99;
				GCC_NO_COMMON_BLOCKS = YES;
				GCC_WARN_64_TO_32_BIT_CONVERSION = YES;
				GCC_WARN_ABOUT_RETURN_TYPE = YES_ERROR;
				GCC_WARN_UNDECLARED_SELECTOR = YES;
				GCC_WARN_UNINITIALIZED_AUTOS = YES_AGGRESSIVE;
				GCC_WARN_UNUSED_FUNCTION = YES;
				GCC_WARN_UNUSED_VARIABLE = YES;
				MACOSX_DEPLOYMENT_TARGET = 10.12;
				MTL_ENABLE_DEBUG_INFO = NO;
				SDKROOT = macosx;
				SWIFT_OPTIMIZATION_LEVEL = "-Owholemodule";
			};
			name = Release;
		};
		1C6EBD811EB5445800225750 /* Debug */ = {
			isa = XCBuildConfiguration;
			buildSettings = {
				ASSETCATALOG_COMPILER_APPICON_NAME = AppIcon;
				COMBINE_HIDPI_IMAGES = YES;
				DEVELOPMENT_TEAM = BB9NBC38G8;
				INFOPLIST_FILE = ToDoList_Mac/Info.plist;
				LD_RUNPATH_SEARCH_PATHS = "$(inherited) @executable_path/../Frameworks";
				MACOSX_DEPLOYMENT_TARGET = 10.12;
				PRODUCT_BUNDLE_IDENTIFIER = "B0nty.ToDoList-Mac";
				PRODUCT_NAME = "$(TARGET_NAME)";
				SWIFT_VERSION = 3.0;
			};
			name = Debug;
		};
		1C6EBD821EB5445800225750 /* Release */ = {
			isa = XCBuildConfiguration;
			buildSettings = {
				ASSETCATALOG_COMPILER_APPICON_NAME = AppIcon;
				COMBINE_HIDPI_IMAGES = YES;
				DEVELOPMENT_TEAM = BB9NBC38G8;
				INFOPLIST_FILE = ToDoList_Mac/Info.plist;
				LD_RUNPATH_SEARCH_PATHS = "$(inherited) @executable_path/../Frameworks";
				MACOSX_DEPLOYMENT_TARGET = 10.12;
				PRODUCT_BUNDLE_IDENTIFIER = "B0nty.ToDoList-Mac";
				PRODUCT_NAME = "$(TARGET_NAME)";
				SWIFT_VERSION = 3.0;
			};
			name = Release;
		};
/* End XCBuildConfiguration section */

/* Begin XCConfigurationList section */
		1C6EBD691EB5445800225750 /* Build configuration list for PBXProject "ToDoList_Mac" */ = {
			isa = XCConfigurationList;
			buildConfigurations = (
				1C6EBD7E1EB5445800225750 /* Debug */,
				1C6EBD7F1EB5445800225750 /* Release */,
			);
			defaultConfigurationIsVisible = 0;
			defaultConfigurationName = Release;
		};
		1C6EBD801EB5445800225750 /* Build configuration list for PBXNativeTarget "ToDoList_Mac" */ = {
			isa = XCConfigurationList;
			buildConfigurations = (
				1C6EBD811EB5445800225750 /* Debug */,
				1C6EBD821EB5445800225750 /* Release */,
			);
			defaultConfigurationIsVisible = 0;
		};
/* End XCConfigurationList section */

/* Begin XCVersionGroup section */
		1C6EBD751EB5445800225750 /* ToDoList_Mac.xcdatamodeld */ = {
			isa = XCVersionGroup;
			children = (
				1C6EBD761EB5445800225750 /* ToDoList_Mac.xcdatamodel */,
			);
			currentVersion = 1C6EBD761EB5445800225750 /* ToDoList_Mac.xcdatamodel */;
			path = ToDoList_Mac.xcdatamodeld;
			sourceTree = "<group>";
			versionGroupType = wrapper.xcdatamodel;
		};
/* End XCVersionGroup section */
	};
	rootObject = 1C6EBD661EB5445800225750 /* Project object */;
}
